
Microsoft Visual Studio Solution File, Format Version 12.00
# Visual Studio Version 17
VisualStudioVersion = 17.1.32421.90
MinimumVisualStudioVersion = 10.0.40219.1
Project("{FAE04EC0-301F-11D3-BF4B-00C04F79EFBC}") = "DSS 1 Assignment", "DSS 1 Assignment\DSS 1 Assignment.csproj", "{BFB2EFEF-044C-4CC6-9F82-A05FC7FBAC76}"
EndProject
Global
	GlobalSection(SolutionConfigurationPlatforms) = preSolution
		Debug|Any CPU = Debug|Any CPU
		Release|Any CPU = Release|Any CPU
	EndGlobalSection
	GlobalSection(ProjectConfigurationPlatforms) = postSolution
		{BFB2EFEF-044C-4CC6-9F82-A05FC7FBAC76}.Debug|Any CPU.ActiveCfg = Debug|Any CPU
		{BFB2EFEF-044C-4CC6-9F82-A05FC7FBAC76}.Debug|Any CPU.Build.0 = Debug|Any CPU
		{BFB2EFEF-044C-4CC6-9F82-A05FC7FBAC76}.Release|Any CPU.ActiveCfg = Release|Any CPU
		{BFB2EFEF-044C-4CC6-9F82-A05FC7FBAC76}.Release|Any CPU.Build.0 = Release|Any CPU
	EndGlobalSection
	GlobalSection(SolutionProperties) = preSolution
		HideSolutionNode = FALSE
	EndGlobalSection
	GlobalSection(ExtensibilityGlobals) = postSolution
		SolutionGuid = {958B7B92-9C95-46CA-ADA5-705A6E91905F}
	EndGlobalSection
EndGlobal
