
Microsoft Visual Studio Solution File, Format Version 12.00
# Visual Studio Version 16
VisualStudioVersion = 16.0.31729.503
MinimumVisualStudioVersion = 10.0.40219.1
Project("{FAE04EC0-301F-11D3-BF4B-00C04F79EFBC}") = "Section 3.2", "Section 3.2\Section 3.2.csproj", "{1D59731A-E867-44B9-9FF4-04E582DB0EF0}"
EndProject
Global
	GlobalSection(SolutionConfigurationPlatforms) = preSolution
		Debug|Any CPU = Debug|Any CPU
		Release|Any CPU = Release|Any CPU
	EndGlobalSection
	GlobalSection(ProjectConfigurationPlatforms) = postSolution
		{1D59731A-E867-44B9-9FF4-04E582DB0EF0}.Debug|Any CPU.ActiveCfg = Debug|Any CPU
		{1D59731A-E867-44B9-9FF4-04E582DB0EF0}.Debug|Any CPU.Build.0 = Debug|Any CPU
		{1D59731A-E867-44B9-9FF4-04E582DB0EF0}.Release|Any CPU.ActiveCfg = Release|Any CPU
		{1D59731A-E867-44B9-9FF4-04E582DB0EF0}.Release|Any CPU.Build.0 = Release|Any CPU
	EndGlobalSection
	GlobalSection(SolutionProperties) = preSolution
		HideSolutionNode = FALSE
	EndGlobalSection
	GlobalSection(ExtensibilityGlobals) = postSolution
		SolutionGuid = {CEBDFD9D-D93F-4999-9C1C-4BDCBA334CAD}
	EndGlobalSection
EndGlobal
