
Microsoft Visual Studio Solution File, Format Version 12.00
# Visual Studio Version 16
VisualStudioVersion = 16.0.31729.503
MinimumVisualStudioVersion = 10.0.40219.1
Project("{FAE04EC0-301F-11D3-BF4B-00C04F79EFBC}") = "Diagram", "Diagram\Diagram.csproj", "{3ABD1570-169C-4BD3-8010-E15A97628CD4}"
EndProject
Global
	GlobalSection(SolutionConfigurationPlatforms) = preSolution
		Debug|Any CPU = Debug|Any CPU
		Release|Any CPU = Release|Any CPU
	EndGlobalSection
	GlobalSection(ProjectConfigurationPlatforms) = postSolution
		{3ABD1570-169C-4BD3-8010-E15A97628CD4}.Debug|Any CPU.ActiveCfg = Debug|Any CPU
		{3ABD1570-169C-4BD3-8010-E15A97628CD4}.Debug|Any CPU.Build.0 = Debug|Any CPU
		{3ABD1570-169C-4BD3-8010-E15A97628CD4}.Release|Any CPU.ActiveCfg = Release|Any CPU
		{3ABD1570-169C-4BD3-8010-E15A97628CD4}.Release|Any CPU.Build.0 = Release|Any CPU
	EndGlobalSection
	GlobalSection(SolutionProperties) = preSolution
		HideSolutionNode = FALSE
	EndGlobalSection
	GlobalSection(ExtensibilityGlobals) = postSolution
		SolutionGuid = {C64F154D-4921-408C-A59A-A133CC3F053E}
	EndGlobalSection
EndGlobal
