
Microsoft Visual Studio Solution File, Format Version 12.00
# Visual Studio Version 16
VisualStudioVersion = 16.0.31729.503
MinimumVisualStudioVersion = 10.0.40219.1
Project("{FAE04EC0-301F-11D3-BF4B-00C04F79EFBC}") = "Section 2.2", "Section 2.2\Section 2.2.csproj", "{4BC7E2DB-1CA1-427A-8D86-EC81D0D4BBAC}"
EndProject
Global
	GlobalSection(SolutionConfigurationPlatforms) = preSolution
		Debug|Any CPU = Debug|Any CPU
		Release|Any CPU = Release|Any CPU
	EndGlobalSection
	GlobalSection(ProjectConfigurationPlatforms) = postSolution
		{4BC7E2DB-1CA1-427A-8D86-EC81D0D4BBAC}.Debug|Any CPU.ActiveCfg = Debug|Any CPU
		{4BC7E2DB-1CA1-427A-8D86-EC81D0D4BBAC}.Debug|Any CPU.Build.0 = Debug|Any CPU
		{4BC7E2DB-1CA1-427A-8D86-EC81D0D4BBAC}.Release|Any CPU.ActiveCfg = Release|Any CPU
		{4BC7E2DB-1CA1-427A-8D86-EC81D0D4BBAC}.Release|Any CPU.Build.0 = Release|Any CPU
	EndGlobalSection
	GlobalSection(SolutionProperties) = preSolution
		HideSolutionNode = FALSE
	EndGlobalSection
	GlobalSection(ExtensibilityGlobals) = postSolution
		SolutionGuid = {BFAF1FEF-825A-4845-81DF-A48034D5017B}
	EndGlobalSection
EndGlobal
